
Microsoft Visual Studio Solution File, Format Version 12.00
# Visual Studio Version 17
VisualStudioVersion = 17.10.35027.167
MinimumVisualStudioVersion = 10.0.40219.1
Project("{2150E333-8FDC-42A3-9474-1A3956D46DE8}") = "src", "src", "{46DB4C5C-C451-4492-A439-14BB7FA8F43E}"
EndProject
Project("{2150E333-8FDC-42A3-9474-1A3956D46DE8}") = "tests", "tests", "{1E5A326A-7FD3-499B-87BA-250596930CC9}"
EndProject
Project("{FAE04EC0-301F-11D3-BF4B-00C04F79EFBC}") = "CashControl.Api", "src\CashControl.Api\CashControl.Api.csproj", "{FE550B19-72E6-4B92-8FA9-0C37E2A0823A}"
EndProject
Global
	GlobalSection(SolutionConfigurationPlatforms) = preSolution
		Debug|Any CPU = Debug|Any CPU
		Release|Any CPU = Release|Any CPU
	EndGlobalSection
	GlobalSection(ProjectConfigurationPlatforms) = postSolution
		{FE550B19-72E6-4B92-8FA9-0C37E2A0823A}.Debug|Any CPU.ActiveCfg = Debug|Any CPU
		{FE550B19-72E6-4B92-8FA9-0C37E2A0823A}.Debug|Any CPU.Build.0 = Debug|Any CPU
		{FE550B19-72E6-4B92-8FA9-0C37E2A0823A}.Release|Any CPU.ActiveCfg = Release|Any CPU
		{FE550B19-72E6-4B92-8FA9-0C37E2A0823A}.Release|Any CPU.Build.0 = Release|Any CPU
	EndGlobalSection
	GlobalSection(SolutionProperties) = preSolution
		HideSolutionNode = FALSE
	EndGlobalSection
	GlobalSection(NestedProjects) = preSolution
		{FE550B19-72E6-4B92-8FA9-0C37E2A0823A} = {46DB4C5C-C451-4492-A439-14BB7FA8F43E}
	EndGlobalSection
	GlobalSection(ExtensibilityGlobals) = postSolution
		SolutionGuid = {EE07E71B-A6F6-41A8-8610-39C279E60989}
	EndGlobalSection
EndGlobal
